
Microsoft Visual Studio Solution File, Format Version 12.00
# Visual Studio Version 17
VisualStudioVersion = 17.9.34616.47
MinimumVisualStudioVersion = 10.0.40219.1
Project("{2150E333-8FDC-42A3-9474-1A3956D46DE8}") = "src", "src", "{CEF2F3C8-D642-4EA7-9E1D-4AEC7E73607A}"
EndProject
Project("{2150E333-8FDC-42A3-9474-1A3956D46DE8}") = "tests", "tests", "{86432846-7B69-4B28-9984-185220DFB88D}"
EndProject
Project("{2150E333-8FDC-42A3-9474-1A3956D46DE8}") = "Services", "Services", "{0907BBE2-2246-44D5-B47D-3D096CA7C29D}"
EndProject
Project("{2150E333-8FDC-42A3-9474-1A3956D46DE8}") = "Customers", "Customers", "{3D695046-EAA9-4E15-A3A9-18C55A95849A}"
EndProject
Project("{2150E333-8FDC-42A3-9474-1A3956D46DE8}") = "Core", "Core", "{EDCD7E4B-B5E2-4A71-9EEF-AC4FE1EA4676}"
EndProject
Project("{2150E333-8FDC-42A3-9474-1A3956D46DE8}") = "Infrastructure", "Infrastructure", "{6C92EB5C-18FD-41A4-A1CC-2B4202D0C1FE}"
EndProject
Project("{2150E333-8FDC-42A3-9474-1A3956D46DE8}") = "Presentation", "Presentation", "{C02117A9-1F5F-4A1B-A62B-62A500F17B60}"
EndProject
Project("{9A19103F-16F7-4668-BE54-9A1E7A4F7556}") = "Customers.Domain", "src\Services\Customers\Core\Customers.Domain\Customers.Domain.csproj", "{4C6EDDED-0CAE-4143-B2EF-03E5019BAE93}"
EndProject
Project("{9A19103F-16F7-4668-BE54-9A1E7A4F7556}") = "Customers.Application", "src\Services\Customers\Core\Customers.Application\Customers.Application.csproj", "{3BAC7B68-E71A-4A0F-947B-6178B093ACC1}"
EndProject
Project("{9A19103F-16F7-4668-BE54-9A1E7A4F7556}") = "Customers.Infrastructure", "src\Services\Customers\Infrastructure\Customers.Infrastructure\Customers.Infrastructure.csproj", "{EE813930-11C5-4197-93A8-A397A00BA870}"
EndProject
Project("{9A19103F-16F7-4668-BE54-9A1E7A4F7556}") = "Customers.Persistence", "src\Services\Customers\Infrastructure\Customers.Persistence\Customers.Persistence.csproj", "{82C7BCAB-576E-4181-9184-145BB52BF00E}"
EndProject
Project("{9A19103F-16F7-4668-BE54-9A1E7A4F7556}") = "Customers.API", "src\Services\Customers\Presentation\Customers.API\Customers.API.csproj", "{76BA947F-DDD6-4DC7-A199-FE29695158D9}"
EndProject
Project("{2150E333-8FDC-42A3-9474-1A3956D46DE8}") = "Shared", "Shared", "{073FDFF2-555C-49FA-910A-659CC9221026}"
EndProject
Project("{9A19103F-16F7-4668-BE54-9A1E7A4F7556}") = "Shared", "src\Shared\Shared\Shared.csproj", "{D96588E0-C42C-4E0E-9B45-51476381A2EA}"
EndProject
Project("{2150E333-8FDC-42A3-9474-1A3956D46DE8}") = "Transactions", "Transactions", "{6C8B0D15-75DF-4BA0-9FB8-4FA1B5F8CE6F}"
EndProject
Project("{2150E333-8FDC-42A3-9474-1A3956D46DE8}") = "Core", "Core", "{E711CC02-34F9-48B2-946D-08D46803DEB8}"
EndProject
Project("{2150E333-8FDC-42A3-9474-1A3956D46DE8}") = "Infrastructure", "Infrastructure", "{929F7714-5A9E-4239-A236-2C6B02F14F69}"
EndProject
Project("{2150E333-8FDC-42A3-9474-1A3956D46DE8}") = "Presentation", "Presentation", "{CEBD3962-F89D-4810-973E-B05E0F0582CD}"
EndProject
Project("{9A19103F-16F7-4668-BE54-9A1E7A4F7556}") = "Transactions.Domain", "src\Services\Transactions\Transactions.Domain\Transactions.Domain.csproj", "{BAE5353C-6811-4223-8F41-16296DF1019E}"
EndProject
Project("{9A19103F-16F7-4668-BE54-9A1E7A4F7556}") = "Transactions.Application", "src\Services\Transactions\Core\Transactions.Application\Transactions.Application.csproj", "{BCEC9792-9FDA-4C48-B0A6-2AE783251D2D}"
EndProject
Project("{9A19103F-16F7-4668-BE54-9A1E7A4F7556}") = "Transactions.Infrastructure", "src\Services\Transactions\Infrastructure\Transactions.Infrastructure\Transactions.Infrastructure.csproj", "{F8DBA456-6915-420F-B554-A4BD5605FC0D}"
EndProject
Project("{9A19103F-16F7-4668-BE54-9A1E7A4F7556}") = "Transactions.Persistence", "src\Services\Transactions\Infrastructure\Transactions.Persistence\Transactions.Persistence.csproj", "{DDB7B2C7-044C-47DF-8E82-FC0EF7B7AE4B}"
EndProject
Project("{9A19103F-16F7-4668-BE54-9A1E7A4F7556}") = "Transactions.API", "src\Services\Transactions\Presentation\Transactions.API\Transactions.API.csproj", "{80399313-94C5-4BE2-A27F-202C0465EE47}"
EndProject
Project("{2150E333-8FDC-42A3-9474-1A3956D46DE8}") = "Solution Items", "Solution Items", "{2ED71DA3-2391-4574-AB69-2A8FD9D218F7}"
	ProjectSection(SolutionItems) = preProject
		docker-compose.yaml = docker-compose.yaml
	EndProjectSection
EndProject
Project("{2150E333-8FDC-42A3-9474-1A3956D46DE8}") = "Customers", "Customers", "{E49DEEFF-CC4A-483F-A31F-523441535C54}"
EndProject
Project("{2150E333-8FDC-42A3-9474-1A3956D46DE8}") = "Transactions", "Transactions", "{7DCD605D-9A56-40F9-A90D-A246148E748B}"
EndProject
Project("{FAE04EC0-301F-11D3-BF4B-00C04F79EFBC}") = "Transaction.Tests.Unit", "tests\Transactions\Transaction.Tests.Unit\Transaction.Tests.Unit.csproj", "{E84210B5-9B0D-4790-BB65-994711E09C32}"
EndProject
Global
	GlobalSection(SolutionConfigurationPlatforms) = preSolution
		Debug|Any CPU = Debug|Any CPU
		Release|Any CPU = Release|Any CPU
	EndGlobalSection
	GlobalSection(ProjectConfigurationPlatforms) = postSolution
		{4C6EDDED-0CAE-4143-B2EF-03E5019BAE93}.Debug|Any CPU.ActiveCfg = Debug|Any CPU
		{4C6EDDED-0CAE-4143-B2EF-03E5019BAE93}.Debug|Any CPU.Build.0 = Debug|Any CPU
		{4C6EDDED-0CAE-4143-B2EF-03E5019BAE93}.Release|Any CPU.ActiveCfg = Release|Any CPU
		{4C6EDDED-0CAE-4143-B2EF-03E5019BAE93}.Release|Any CPU.Build.0 = Release|Any CPU
		{3BAC7B68-E71A-4A0F-947B-6178B093ACC1}.Debug|Any CPU.ActiveCfg = Debug|Any CPU
		{3BAC7B68-E71A-4A0F-947B-6178B093ACC1}.Debug|Any CPU.Build.0 = Debug|Any CPU
		{3BAC7B68-E71A-4A0F-947B-6178B093ACC1}.Release|Any CPU.ActiveCfg = Release|Any CPU
		{3BAC7B68-E71A-4A0F-947B-6178B093ACC1}.Release|Any CPU.Build.0 = Release|Any CPU
		{EE813930-11C5-4197-93A8-A397A00BA870}.Debug|Any CPU.ActiveCfg = Debug|Any CPU
		{EE813930-11C5-4197-93A8-A397A00BA870}.Debug|Any CPU.Build.0 = Debug|Any CPU
		{EE813930-11C5-4197-93A8-A397A00BA870}.Release|Any CPU.ActiveCfg = Release|Any CPU
		{EE813930-11C5-4197-93A8-A397A00BA870}.Release|Any CPU.Build.0 = Release|Any CPU
		{82C7BCAB-576E-4181-9184-145BB52BF00E}.Debug|Any CPU.ActiveCfg = Debug|Any CPU
		{82C7BCAB-576E-4181-9184-145BB52BF00E}.Debug|Any CPU.Build.0 = Debug|Any CPU
		{82C7BCAB-576E-4181-9184-145BB52BF00E}.Release|Any CPU.ActiveCfg = Release|Any CPU
		{82C7BCAB-576E-4181-9184-145BB52BF00E}.Release|Any CPU.Build.0 = Release|Any CPU
		{76BA947F-DDD6-4DC7-A199-FE29695158D9}.Debug|Any CPU.ActiveCfg = Debug|Any CPU
		{76BA947F-DDD6-4DC7-A199-FE29695158D9}.Debug|Any CPU.Build.0 = Debug|Any CPU
		{76BA947F-DDD6-4DC7-A199-FE29695158D9}.Release|Any CPU.ActiveCfg = Release|Any CPU
		{76BA947F-DDD6-4DC7-A199-FE29695158D9}.Release|Any CPU.Build.0 = Release|Any CPU
		{D96588E0-C42C-4E0E-9B45-51476381A2EA}.Debug|Any CPU.ActiveCfg = Debug|Any CPU
		{D96588E0-C42C-4E0E-9B45-51476381A2EA}.Debug|Any CPU.Build.0 = Debug|Any CPU
		{D96588E0-C42C-4E0E-9B45-51476381A2EA}.Release|Any CPU.ActiveCfg = Release|Any CPU
		{D96588E0-C42C-4E0E-9B45-51476381A2EA}.Release|Any CPU.Build.0 = Release|Any CPU
		{BAE5353C-6811-4223-8F41-16296DF1019E}.Debug|Any CPU.ActiveCfg = Debug|Any CPU
		{BAE5353C-6811-4223-8F41-16296DF1019E}.Debug|Any CPU.Build.0 = Debug|Any CPU
		{BAE5353C-6811-4223-8F41-16296DF1019E}.Release|Any CPU.ActiveCfg = Release|Any CPU
		{BAE5353C-6811-4223-8F41-16296DF1019E}.Release|Any CPU.Build.0 = Release|Any CPU
		{BCEC9792-9FDA-4C48-B0A6-2AE783251D2D}.Debug|Any CPU.ActiveCfg = Debug|Any CPU
		{BCEC9792-9FDA-4C48-B0A6-2AE783251D2D}.Debug|Any CPU.Build.0 = Debug|Any CPU
		{BCEC9792-9FDA-4C48-B0A6-2AE783251D2D}.Release|Any CPU.ActiveCfg = Release|Any CPU
		{BCEC9792-9FDA-4C48-B0A6-2AE783251D2D}.Release|Any CPU.Build.0 = Release|Any CPU
		{F8DBA456-6915-420F-B554-A4BD5605FC0D}.Debug|Any CPU.ActiveCfg = Debug|Any CPU
		{F8DBA456-6915-420F-B554-A4BD5605FC0D}.Debug|Any CPU.Build.0 = Debug|Any CPU
		{F8DBA456-6915-420F-B554-A4BD5605FC0D}.Release|Any CPU.ActiveCfg = Release|Any CPU
		{F8DBA456-6915-420F-B554-A4BD5605FC0D}.Release|Any CPU.Build.0 = Release|Any CPU
		{DDB7B2C7-044C-47DF-8E82-FC0EF7B7AE4B}.Debug|Any CPU.ActiveCfg = Debug|Any CPU
		{DDB7B2C7-044C-47DF-8E82-FC0EF7B7AE4B}.Debug|Any CPU.Build.0 = Debug|Any CPU
		{DDB7B2C7-044C-47DF-8E82-FC0EF7B7AE4B}.Release|Any CPU.ActiveCfg = Release|Any CPU
		{DDB7B2C7-044C-47DF-8E82-FC0EF7B7AE4B}.Release|Any CPU.Build.0 = Release|Any CPU
		{80399313-94C5-4BE2-A27F-202C0465EE47}.Debug|Any CPU.ActiveCfg = Debug|Any CPU
		{80399313-94C5-4BE2-A27F-202C0465EE47}.Debug|Any CPU.Build.0 = Debug|Any CPU
		{80399313-94C5-4BE2-A27F-202C0465EE47}.Release|Any CPU.ActiveCfg = Release|Any CPU
		{80399313-94C5-4BE2-A27F-202C0465EE47}.Release|Any CPU.Build.0 = Release|Any CPU
		{E84210B5-9B0D-4790-BB65-994711E09C32}.Debug|Any CPU.ActiveCfg = Debug|Any CPU
		{E84210B5-9B0D-4790-BB65-994711E09C32}.Debug|Any CPU.Build.0 = Debug|Any CPU
		{E84210B5-9B0D-4790-BB65-994711E09C32}.Release|Any CPU.ActiveCfg = Release|Any CPU
		{E84210B5-9B0D-4790-BB65-994711E09C32}.Release|Any CPU.Build.0 = Release|Any CPU
	EndGlobalSection
	GlobalSection(SolutionProperties) = preSolution
		HideSolutionNode = FALSE
	EndGlobalSection
	GlobalSection(NestedProjects) = preSolution
		{0907BBE2-2246-44D5-B47D-3D096CA7C29D} = {CEF2F3C8-D642-4EA7-9E1D-4AEC7E73607A}
		{3D695046-EAA9-4E15-A3A9-18C55A95849A} = {0907BBE2-2246-44D5-B47D-3D096CA7C29D}
		{EDCD7E4B-B5E2-4A71-9EEF-AC4FE1EA4676} = {3D695046-EAA9-4E15-A3A9-18C55A95849A}
		{6C92EB5C-18FD-41A4-A1CC-2B4202D0C1FE} = {3D695046-EAA9-4E15-A3A9-18C55A95849A}
		{C02117A9-1F5F-4A1B-A62B-62A500F17B60} = {3D695046-EAA9-4E15-A3A9-18C55A95849A}
		{4C6EDDED-0CAE-4143-B2EF-03E5019BAE93} = {EDCD7E4B-B5E2-4A71-9EEF-AC4FE1EA4676}
		{3BAC7B68-E71A-4A0F-947B-6178B093ACC1} = {EDCD7E4B-B5E2-4A71-9EEF-AC4FE1EA4676}
		{EE813930-11C5-4197-93A8-A397A00BA870} = {6C92EB5C-18FD-41A4-A1CC-2B4202D0C1FE}
		{82C7BCAB-576E-4181-9184-145BB52BF00E} = {6C92EB5C-18FD-41A4-A1CC-2B4202D0C1FE}
		{76BA947F-DDD6-4DC7-A199-FE29695158D9} = {C02117A9-1F5F-4A1B-A62B-62A500F17B60}
		{073FDFF2-555C-49FA-910A-659CC9221026} = {CEF2F3C8-D642-4EA7-9E1D-4AEC7E73607A}
		{D96588E0-C42C-4E0E-9B45-51476381A2EA} = {073FDFF2-555C-49FA-910A-659CC9221026}
		{6C8B0D15-75DF-4BA0-9FB8-4FA1B5F8CE6F} = {0907BBE2-2246-44D5-B47D-3D096CA7C29D}
		{E711CC02-34F9-48B2-946D-08D46803DEB8} = {6C8B0D15-75DF-4BA0-9FB8-4FA1B5F8CE6F}
		{929F7714-5A9E-4239-A236-2C6B02F14F69} = {6C8B0D15-75DF-4BA0-9FB8-4FA1B5F8CE6F}
		{CEBD3962-F89D-4810-973E-B05E0F0582CD} = {6C8B0D15-75DF-4BA0-9FB8-4FA1B5F8CE6F}
		{BAE5353C-6811-4223-8F41-16296DF1019E} = {E711CC02-34F9-48B2-946D-08D46803DEB8}
		{BCEC9792-9FDA-4C48-B0A6-2AE783251D2D} = {E711CC02-34F9-48B2-946D-08D46803DEB8}
		{F8DBA456-6915-420F-B554-A4BD5605FC0D} = {929F7714-5A9E-4239-A236-2C6B02F14F69}
		{DDB7B2C7-044C-47DF-8E82-FC0EF7B7AE4B} = {929F7714-5A9E-4239-A236-2C6B02F14F69}
		{80399313-94C5-4BE2-A27F-202C0465EE47} = {CEBD3962-F89D-4810-973E-B05E0F0582CD}
		{E49DEEFF-CC4A-483F-A31F-523441535C54} = {86432846-7B69-4B28-9984-185220DFB88D}
		{7DCD605D-9A56-40F9-A90D-A246148E748B} = {86432846-7B69-4B28-9984-185220DFB88D}
		{E84210B5-9B0D-4790-BB65-994711E09C32} = {7DCD605D-9A56-40F9-A90D-A246148E748B}
	EndGlobalSection
	GlobalSection(ExtensibilityGlobals) = postSolution
		SolutionGuid = {61675AC1-53C5-41E1-8775-CFF01B5097D8}
	EndGlobalSection
EndGlobal
